<Solution>
  <Project Path="src/Kalm.Api/Kalm.Api.csproj" />
  <Project Path="src/Kalm.BuildingBlocks/Kalm.BuildingBlocks.csproj" />
  <Project Path="src/Kalm.SharedKernel/Kalm.SharedKernel.csproj" />
  <Project Path="src/Modules/Kalm.Identity/Kalm.Identity.csproj" />
  <Project Path="tests/Architecture/Kalm.ArchitectureTests/Kalm.ArchitectureTests.csproj" />
  <Project Path="tests/Integration/Kalm.Api.IntegrationTests/Kalm.Api.IntegrationTests.csproj" />
  <Project Path="tests/Unit/Kalm.UnitTests/Kalm.UnitTests.csproj" />
</Solution>
